
Microsoft Visual Studio Solution File, Format Version 12.00
# Visual Studio 15
VisualStudioVersion = 15.0.27004.2002
MinimumVisualStudioVersion = 10.0.40219.1
Project("{FAE04EC0-301F-11D3-BF4B-00C04F79EFBC}") = "HelloWorld", "HelloWorld\HelloWorld.csproj", "{0119ADAE-9C80-488E-937C-163D150EA15F}"
EndProject
Global
	GlobalSection(SolutionConfigurationPlatforms) = preSolution
		Debug|ARM = Debug|ARM
		Debug|x64 = Debug|x64
		Debug|x86 = Debug|x86
		Release|ARM = Release|ARM
		Release|x64 = Release|x64
		Release|x86 = Release|x86
	EndGlobalSection
	GlobalSection(ProjectConfigurationPlatforms) = postSolution
		{0119ADAE-9C80-488E-937C-163D150EA15F}.Debug|ARM.ActiveCfg = Debug|ARM
		{0119ADAE-9C80-488E-937C-163D150EA15F}.Debug|ARM.Build.0 = Debug|ARM
		{0119ADAE-9C80-488E-937C-163D150EA15F}.Debug|ARM.Deploy.0 = Debug|ARM
		{0119ADAE-9C80-488E-937C-163D150EA15F}.Debug|x64.ActiveCfg = Debug|x64
		{0119ADAE-9C80-488E-937C-163D150EA15F}.Debug|x64.Build.0 = Debug|x64
		{0119ADAE-9C80-488E-937C-163D150EA15F}.Debug|x64.Deploy.0 = Debug|x64
		{0119ADAE-9C80-488E-937C-163D150EA15F}.Debug|x86.ActiveCfg = Debug|x86
		{0119ADAE-9C80-488E-937C-163D150EA15F}.Debug|x86.Build.0 = Debug|x86
		{0119ADAE-9C80-488E-937C-163D150EA15F}.Debug|x86.Deploy.0 = Debug|x86
		{0119ADAE-9C80-488E-937C-163D150EA15F}.Release|ARM.ActiveCfg = Release|ARM
		{0119ADAE-9C80-488E-937C-163D150EA15F}.Release|ARM.Build.0 = Release|ARM
		{0119ADAE-9C80-488E-937C-163D150EA15F}.Release|ARM.Deploy.0 = Release|ARM
		{0119ADAE-9C80-488E-937C-163D150EA15F}.Release|x64.ActiveCfg = Release|x64
		{0119ADAE-9C80-488E-937C-163D150EA15F}.Release|x64.Build.0 = Release|x64
		{0119ADAE-9C80-488E-937C-163D150EA15F}.Release|x64.Deploy.0 = Release|x64
		{0119ADAE-9C80-488E-937C-163D150EA15F}.Release|x86.ActiveCfg = Release|x86
		{0119ADAE-9C80-488E-937C-163D150EA15F}.Release|x86.Build.0 = Release|x86
		{0119ADAE-9C80-488E-937C-163D150EA15F}.Release|x86.Deploy.0 = Release|x86
	EndGlobalSection
	GlobalSection(SolutionProperties) = preSolution
		HideSolutionNode = FALSE
	EndGlobalSection
	GlobalSection(ExtensibilityGlobals) = postSolution
		SolutionGuid = {60590AB4-EDC1-4C6D-BF91-2479980C6413}
	EndGlobalSection
EndGlobal
